
Microsoft Visual Studio Solution File, Format Version 12.00
Project("{FAE04EC0-301F-11D3-BF4B-00C04F79EFBC}") = "SseControllers", "SseControllers\SseControllers.csproj", "{EB7A91D3-0FD5-4B38-9813-E759426B1E5C}"
EndProject
Project("{FAE04EC0-301F-11D3-BF4B-00C04F79EFBC}") = "ExampleProject", "ExampleProject\ExampleProject.csproj", "{05D3DBC4-9A65-4660-847B-FD02DBC100B1}"
EndProject
Global
	GlobalSection(SolutionConfigurationPlatforms) = preSolution
		Debug|Any CPU = Debug|Any CPU
		Release|Any CPU = Release|Any CPU
	EndGlobalSection
	GlobalSection(ProjectConfigurationPlatforms) = postSolution
		{EB7A91D3-0FD5-4B38-9813-E759426B1E5C}.Debug|Any CPU.ActiveCfg = Debug|Any CPU
		{EB7A91D3-0FD5-4B38-9813-E759426B1E5C}.Debug|Any CPU.Build.0 = Debug|Any CPU
		{EB7A91D3-0FD5-4B38-9813-E759426B1E5C}.Release|Any CPU.ActiveCfg = Release|Any CPU
		{EB7A91D3-0FD5-4B38-9813-E759426B1E5C}.Release|Any CPU.Build.0 = Release|Any CPU
		{05D3DBC4-9A65-4660-847B-FD02DBC100B1}.Debug|Any CPU.ActiveCfg = Debug|Any CPU
		{05D3DBC4-9A65-4660-847B-FD02DBC100B1}.Debug|Any CPU.Build.0 = Debug|Any CPU
		{05D3DBC4-9A65-4660-847B-FD02DBC100B1}.Release|Any CPU.ActiveCfg = Release|Any CPU
		{05D3DBC4-9A65-4660-847B-FD02DBC100B1}.Release|Any CPU.Build.0 = Release|Any CPU
	EndGlobalSection
EndGlobal
